%{"amqp": {:hex, :amqp, "0.1.5", "f38e30abfce06fd2213f5e24744a2923f9d3c30f1687db19952be547457e0e7b", [:mix], [{:amqp_client, "3.5.6", [hex: :amqp_client, optional: false]}]},
  "amqp_client": {:git, "https://github.com/mendrugory/amqp_client.git", "3b3086534875c783803fcef7c5befaddd57a4561", [branch: "erlang_otp_19"]},
  "rabbit_common": {:git, "https://github.com/jbrisbin/rabbit_common.git", "eea16abd375981d16595d2cefaac893c7281187b", [tag: "rabbitmq-3.5.6"]}}
